
Microsoft Visual Studio Solution File, Format Version 12.00
# Visual Studio Version 16
VisualStudioVersion = 16.0.31911.196
MinimumVisualStudioVersion = 10.0.40219.1
Project("{FAE04EC0-301F-11D3-BF4B-00C04F79EFBC}") = "MvcMovie", "MvcMovie\MvcMovie.csproj", "{4600D91E-259A-4C10-8AC3-7E0385EF233B}"
EndProject
Global
	GlobalSection(SolutionConfigurationPlatforms) = preSolution
		Debug|Any CPU = Debug|Any CPU
		Release|Any CPU = Release|Any CPU
	EndGlobalSection
	GlobalSection(ProjectConfigurationPlatforms) = postSolution
		{4600D91E-259A-4C10-8AC3-7E0385EF233B}.Debug|Any CPU.ActiveCfg = Debug|Any CPU
		{4600D91E-259A-4C10-8AC3-7E0385EF233B}.Debug|Any CPU.Build.0 = Debug|Any CPU
		{4600D91E-259A-4C10-8AC3-7E0385EF233B}.Release|Any CPU.ActiveCfg = Release|Any CPU
		{4600D91E-259A-4C10-8AC3-7E0385EF233B}.Release|Any CPU.Build.0 = Release|Any CPU
	EndGlobalSection
	GlobalSection(SolutionProperties) = preSolution
		HideSolutionNode = FALSE
	EndGlobalSection
	GlobalSection(ExtensibilityGlobals) = postSolution
		SolutionGuid = {E54B983B-EE7C-4A7E-8FD1-B4369676A351}
	EndGlobalSection
EndGlobal
